
Microsoft Visual Studio Solution File, Format Version 12.00
Project("{FAE04EC0-301F-11D3-BF4B-00C04F79EFBC}") = "Katas", "Katas\Katas.csproj", "{259BE51A-B19C-416C-93F5-330145B02282}"
EndProject
Project("{FAE04EC0-301F-11D3-BF4B-00C04F79EFBC}") = "stringCalculator", "stringCalculator\stringCalculator.csproj", "{64633177-E563-4861-B000-4BA2F5DCB9D9}"
EndProject
Project("{FAE04EC0-301F-11D3-BF4B-00C04F79EFBC}") = "StringCalculator.Tests", "StringCalculator.Tests\StringCalculator.Tests.csproj", "{6BAEB500-41D0-4164-B35F-5C2B45B05900}"
EndProject
Global
	GlobalSection(SolutionConfigurationPlatforms) = preSolution
		Debug|Any CPU = Debug|Any CPU
		Release|Any CPU = Release|Any CPU
	EndGlobalSection
	GlobalSection(ProjectConfigurationPlatforms) = postSolution
		{259BE51A-B19C-416C-93F5-330145B02282}.Debug|Any CPU.ActiveCfg = Debug|Any CPU
		{259BE51A-B19C-416C-93F5-330145B02282}.Debug|Any CPU.Build.0 = Debug|Any CPU
		{259BE51A-B19C-416C-93F5-330145B02282}.Release|Any CPU.ActiveCfg = Release|Any CPU
		{259BE51A-B19C-416C-93F5-330145B02282}.Release|Any CPU.Build.0 = Release|Any CPU
		{64633177-E563-4861-B000-4BA2F5DCB9D9}.Debug|Any CPU.ActiveCfg = Debug|Any CPU
		{64633177-E563-4861-B000-4BA2F5DCB9D9}.Debug|Any CPU.Build.0 = Debug|Any CPU
		{64633177-E563-4861-B000-4BA2F5DCB9D9}.Release|Any CPU.ActiveCfg = Release|Any CPU
		{64633177-E563-4861-B000-4BA2F5DCB9D9}.Release|Any CPU.Build.0 = Release|Any CPU
		{6BAEB500-41D0-4164-B35F-5C2B45B05900}.Debug|Any CPU.ActiveCfg = Debug|Any CPU
		{6BAEB500-41D0-4164-B35F-5C2B45B05900}.Debug|Any CPU.Build.0 = Debug|Any CPU
		{6BAEB500-41D0-4164-B35F-5C2B45B05900}.Release|Any CPU.ActiveCfg = Release|Any CPU
		{6BAEB500-41D0-4164-B35F-5C2B45B05900}.Release|Any CPU.Build.0 = Release|Any CPU
	EndGlobalSection
EndGlobal
