
Microsoft Visual Studio Solution File, Format Version 12.00
Project("{FAE04EC0-301F-11D3-BF4B-00C04F79EFBC}") = "Katas", "Katas\Katas.csproj", "{259BE51A-B19C-416C-93F5-330145B02282}"
EndProject
Global
	GlobalSection(SolutionConfigurationPlatforms) = preSolution
		Debug|Any CPU = Debug|Any CPU
		Release|Any CPU = Release|Any CPU
	EndGlobalSection
	GlobalSection(ProjectConfigurationPlatforms) = postSolution
		{259BE51A-B19C-416C-93F5-330145B02282}.Debug|Any CPU.ActiveCfg = Debug|Any CPU
		{259BE51A-B19C-416C-93F5-330145B02282}.Debug|Any CPU.Build.0 = Debug|Any CPU
		{259BE51A-B19C-416C-93F5-330145B02282}.Release|Any CPU.ActiveCfg = Release|Any CPU
		{259BE51A-B19C-416C-93F5-330145B02282}.Release|Any CPU.Build.0 = Release|Any CPU
	EndGlobalSection
EndGlobal
